
Microsoft Visual Studio Solution File, Format Version 12.00
# Visual Studio Version 17
VisualStudioVersion = 17.12.35527.113 d17.12
MinimumVisualStudioVersion = 10.0.40219.1
Project("{FAE04EC0-301F-11D3-BF4B-00C04F79EFBC}") = "Opgave 2 øvelse 2", "Opgave 2 øvelse 2\Opgave 2 øvelse 2.csproj", "{ADE718AD-501A-493C-921B-A5481E8FDED7}"
EndProject
Global
	GlobalSection(SolutionConfigurationPlatforms) = preSolution
		Debug|Any CPU = Debug|Any CPU
		Release|Any CPU = Release|Any CPU
	EndGlobalSection
	GlobalSection(ProjectConfigurationPlatforms) = postSolution
		{ADE718AD-501A-493C-921B-A5481E8FDED7}.Debug|Any CPU.ActiveCfg = Debug|Any CPU
		{ADE718AD-501A-493C-921B-A5481E8FDED7}.Debug|Any CPU.Build.0 = Debug|Any CPU
		{ADE718AD-501A-493C-921B-A5481E8FDED7}.Release|Any CPU.ActiveCfg = Release|Any CPU
		{ADE718AD-501A-493C-921B-A5481E8FDED7}.Release|Any CPU.Build.0 = Release|Any CPU
	EndGlobalSection
	GlobalSection(SolutionProperties) = preSolution
		HideSolutionNode = FALSE
	EndGlobalSection
EndGlobal
